
Microsoft Visual Studio Solution File, Format Version 12.00
# Visual Studio Version 17
VisualStudioVersion = 17.14.36301.6 d17.14
MinimumVisualStudioVersion = 10.0.40219.1
Project("{FAE04EC0-301F-11D3-BF4B-00C04F79EFBC}") = "ConfectioneryDepartmentApp", "ConfectioneryDepartmentApp\ConfectioneryDepartmentApp.csproj", "{7EFF4E73-F772-4ABE-AB9D-98B9E2E18C62}"
EndProject
Global
	GlobalSection(SolutionConfigurationPlatforms) = preSolution
		Debug|Any CPU = Debug|Any CPU
		Release|Any CPU = Release|Any CPU
	EndGlobalSection
	GlobalSection(ProjectConfigurationPlatforms) = postSolution
		{7EFF4E73-F772-4ABE-AB9D-98B9E2E18C62}.Debug|Any CPU.ActiveCfg = Debug|Any CPU
		{7EFF4E73-F772-4ABE-AB9D-98B9E2E18C62}.Debug|Any CPU.Build.0 = Debug|Any CPU
		{7EFF4E73-F772-4ABE-AB9D-98B9E2E18C62}.Release|Any CPU.ActiveCfg = Release|Any CPU
		{7EFF4E73-F772-4ABE-AB9D-98B9E2E18C62}.Release|Any CPU.Build.0 = Release|Any CPU
	EndGlobalSection
	GlobalSection(SolutionProperties) = preSolution
		HideSolutionNode = FALSE
	EndGlobalSection
	GlobalSection(ExtensibilityGlobals) = postSolution
		SolutionGuid = {97445D49-BAC8-4E47-B80B-7160844905EB}
	EndGlobalSection
EndGlobal
